{
  "name": "ep_invite_via_email",
  "version": "0.0.10",
  "lockfileVersion": 1,
  "requires": true,
  "dependencies": {
    "emailjs": {
      "version": "3.3.0",
      "resolved": "https://registry.npmjs.org/emailjs/-/emailjs-3.3.0.tgz",
      "integrity": "sha512-O8fUbXhyzZEokeLq+mrefYaSdToLXlW3oQfCU+75kqkwL27W8Cb6PW/ipjF1ePapLNoAvWPvwInh/x7x4z/jKA=="
    }
  }
}
